
Microsoft Visual Studio Solution File, Format Version 12.00
# Visual Studio Version 16
VisualStudioVersion = 16.0.30406.217
MinimumVisualStudioVersion = 10.0.40219.1
Project("{FAE04EC0-301F-11D3-BF4B-00C04F79EFBC}") = "00_索引器", "9_18_数据库的封装\00_索引器.csproj", "{32AA4289-C320-4BCE-AFDF-3E7FE5690F4F}"
EndProject
Project("{FAE04EC0-301F-11D3-BF4B-00C04F79EFBC}") = "01_运算符的重载", "01_运算符的重载\01_运算符的重载.csproj", "{3592F291-4933-477E-B9A7-06A7F6817FDE}"
EndProject
Project("{FAE04EC0-301F-11D3-BF4B-00C04F79EFBC}") = "03_析构函数", "03_析构函数\03_析构函数.csproj", "{77C9B78E-49F4-48A2-BE60-F06F56279DC2}"
EndProject
Project("{FAE04EC0-301F-11D3-BF4B-00C04F79EFBC}") = "04_连接数据库", "04_连接数据库\04_连接数据库.csproj", "{749D1115-8348-47B3-A634-59540B1EE634}"
EndProject
Project("{FAE04EC0-301F-11D3-BF4B-00C04F79EFBC}") = "05_数据库_增删查改", "05_数据库_增删查改\05_数据库_增删查改.csproj", "{391E42FA-2E52-436B-88B9-A6961F1FD20F}"
EndProject
Global
	GlobalSection(SolutionConfigurationPlatforms) = preSolution
		Debug|Any CPU = Debug|Any CPU
		Release|Any CPU = Release|Any CPU
	EndGlobalSection
	GlobalSection(ProjectConfigurationPlatforms) = postSolution
		{32AA4289-C320-4BCE-AFDF-3E7FE5690F4F}.Debug|Any CPU.ActiveCfg = Debug|Any CPU
		{32AA4289-C320-4BCE-AFDF-3E7FE5690F4F}.Debug|Any CPU.Build.0 = Debug|Any CPU
		{32AA4289-C320-4BCE-AFDF-3E7FE5690F4F}.Release|Any CPU.ActiveCfg = Release|Any CPU
		{32AA4289-C320-4BCE-AFDF-3E7FE5690F4F}.Release|Any CPU.Build.0 = Release|Any CPU
		{3592F291-4933-477E-B9A7-06A7F6817FDE}.Debug|Any CPU.ActiveCfg = Debug|Any CPU
		{3592F291-4933-477E-B9A7-06A7F6817FDE}.Debug|Any CPU.Build.0 = Debug|Any CPU
		{3592F291-4933-477E-B9A7-06A7F6817FDE}.Release|Any CPU.ActiveCfg = Release|Any CPU
		{3592F291-4933-477E-B9A7-06A7F6817FDE}.Release|Any CPU.Build.0 = Release|Any CPU
		{77C9B78E-49F4-48A2-BE60-F06F56279DC2}.Debug|Any CPU.ActiveCfg = Debug|Any CPU
		{77C9B78E-49F4-48A2-BE60-F06F56279DC2}.Debug|Any CPU.Build.0 = Debug|Any CPU
		{77C9B78E-49F4-48A2-BE60-F06F56279DC2}.Release|Any CPU.ActiveCfg = Release|Any CPU
		{77C9B78E-49F4-48A2-BE60-F06F56279DC2}.Release|Any CPU.Build.0 = Release|Any CPU
		{749D1115-8348-47B3-A634-59540B1EE634}.Debug|Any CPU.ActiveCfg = Debug|Any CPU
		{749D1115-8348-47B3-A634-59540B1EE634}.Debug|Any CPU.Build.0 = Debug|Any CPU
		{749D1115-8348-47B3-A634-59540B1EE634}.Release|Any CPU.ActiveCfg = Release|Any CPU
		{749D1115-8348-47B3-A634-59540B1EE634}.Release|Any CPU.Build.0 = Release|Any CPU
		{391E42FA-2E52-436B-88B9-A6961F1FD20F}.Debug|Any CPU.ActiveCfg = Debug|Any CPU
		{391E42FA-2E52-436B-88B9-A6961F1FD20F}.Debug|Any CPU.Build.0 = Debug|Any CPU
		{391E42FA-2E52-436B-88B9-A6961F1FD20F}.Release|Any CPU.ActiveCfg = Release|Any CPU
		{391E42FA-2E52-436B-88B9-A6961F1FD20F}.Release|Any CPU.Build.0 = Release|Any CPU
	EndGlobalSection
	GlobalSection(SolutionProperties) = preSolution
		HideSolutionNode = FALSE
	EndGlobalSection
	GlobalSection(ExtensibilityGlobals) = postSolution
		SolutionGuid = {37262994-3727-4F29-8CC5-4188E73F04A0}
	EndGlobalSection
EndGlobal
